// !$*UTF8*$!
{
	archiveVersion = 1;
	classes = {
	};
	objectVersion = 46;
	objects = {

/* Begin PBXBuildFile section */
		3E9308CB1DEEDD560017E1AE /* AppDelegate.swift in Sources */ = {isa = PBXBuildFile; fileRef = 3E9308CA1DEEDD560017E1AE /* AppDelegate.swift */; };
		3E9308CD1DEEDD560017E1AE /* ViewController.swift in Sources */ = {isa = PBXBuildFile; fileRef = 3E9308CC1DEEDD560017E1AE /* ViewController.swift */; };
		3E9308D01DEEDD560017E1AE /* Main.storyboard in Resources */ = {isa = PBXBuildFile; fileRef = 3E9308CE1DEEDD560017E1AE /* Main.storyboard */; };
		3E9308D21DEEDD560017E1AE /* Assets.xcassets in Resources */ = {isa = PBXBuildFile; fileRef = 3E9308D11DEEDD560017E1AE /* Assets.xcassets */; };
		3E9308D51DEEDD560017E1AE /* LaunchScreen.storyboard in Resources */ = {isa = PBXBuildFile; fileRef = 3E9308D31DEEDD560017E1AE /* LaunchScreen.storyboard */; };
		9E5C5D177AF54ED40B520C67 /* Pods_CircleTimer.framework in Frameworks */ = {isa = PBXBuildFile; fileRef = 51B9F0783696671ABAF1571B /* Pods_CircleTimer.framework */; };
/* End PBXBuildFile section */

/* Begin PBXFileReference section */
		10B31FC654429782231E694D /* Pods-CircleTimer.release.xcconfig */ = {isa = PBXFileReference; includeInIndex = 1; lastKnownFileType = text.xcconfig; name = "Pods-CircleTimer.release.xcconfig"; path = "Pods/Target Support Files/Pods-CircleTimer/Pods-CircleTimer.release.xcconfig"; sourceTree = "<group>"; };
		3E9308C71DEEDD550017E1AE /* CircleTimer.app */ = {isa = PBXFileReference; explicitFileType = wrapper.application; includeInIndex = 0; path = CircleTimer.app; sourceTree = BUILT_PRODUCTS_DIR; };
		3E9308CA1DEEDD560017E1AE /* AppDelegate.swift */ = {isa = PBXFileReference; lastKnownFileType = sourcecode.swift; path = AppDelegate.swift; sourceTree = "<group>"; };
		3E9308CC1DEEDD560017E1AE /* ViewController.swift */ = {isa = PBXFileReference; lastKnownFileType = sourcecode.swift; path = ViewController.swift; sourceTree = "<group>"; };
		3E9308CF1DEEDD560017E1AE /* Base */ = {isa = PBXFileReference; lastKnownFileType = file.storyboard; name = Base; path = Base.lproj/Main.storyboard; sourceTree = "<group>"; };
		3E9308D11DEEDD560017E1AE /* Assets.xcassets */ = {isa = PBXFileReference; lastKnownFileType = folder.assetcatalog; path = Assets.xcassets; sourceTree = "<group>"; };
		3E9308D41DEEDD560017E1AE /* Base */ = {isa = PBXFileReference; lastKnownFileType = file.storyboard; name = Base; path = Base.lproj/LaunchScreen.storyboard; sourceTree = "<group>"; };
		3E9308D61DEEDD560017E1AE /* Info.plist */ = {isa = PBXFileReference; lastKnownFileType = text.plist.xml; path = Info.plist; sourceTree = "<group>"; };
		51B9F0783696671ABAF1571B /* Pods_CircleTimer.framework */ = {isa = PBXFileReference; explicitFileType = wrapper.framework; includeInIndex = 0; path = Pods_CircleTimer.framework; sourceTree = BUILT_PRODUCTS_DIR; };
		EDE37C0851066F0876D6020F /* Pods-CircleTimer.debug.xcconfig */ = {isa = PBXFileReference; includeInIndex = 1; lastKnownFileType = text.xcconfig; name = "Pods-CircleTimer.debug.xcconfig"; path = "Pods/Target Support Files/Pods-CircleTimer/Pods-CircleTimer.debug.xcconfig"; sourceTree = "<group>"; };
/* End PBXFileReference section */

/* Begin PBXFrameworksBuildPhase section */
		3E9308C41DEEDD550017E1AE /* Frameworks */ = {
			isa = PBXFrameworksBuildPhase;
			buildActionMask = 2147483647;
			files = (
				9E5C5D177AF54ED40B520C67 /* Pods_CircleTimer.framework in Frameworks */,
			);
			runOnlyForDeploymentPostprocessing = 0;
		};
/* End PBXFrameworksBuildPhase section */

/* Begin PBXGroup section */
		3E9308BE1DEEDD550017E1AE = {
			isa = PBXGroup;
			children = (
				3E9308C91DEEDD550017E1AE /* CircleTimer */,
				3E9308C81DEEDD550017E1AE /* Products */,
				BDA4D4BF5B5E296F371E6CB4 /* Pods */,
				C78F7D4C05C051310D3D737C /* Frameworks */,
			);
			sourceTree = "<group>";
		};
		3E9308C81DEEDD550017E1AE /* Products */ = {
			isa = PBXGroup;
			children = (
				3E9308C71DEEDD550017E1AE /* CircleTimer.app */,
			);
			name = Products;
			sourceTree = "<group>";
		};
		3E9308C91DEEDD550017E1AE /* CircleTimer */ = {
			isa = PBXGroup;
			children = (
				3E9308CA1DEEDD560017E1AE /* AppDelegate.swift */,
				3E9308CC1DEEDD560017E1AE /* ViewController.swift */,
				3E9308CE1DEEDD560017E1AE /* Main.storyboard */,
				3E9308D11DEEDD560017E1AE /* Assets.xcassets */,
				3E9308D31DEEDD560017E1AE /* LaunchScreen.storyboard */,
				3E9308D61DEEDD560017E1AE /* Info.plist */,
			);
			path = CircleTimer;
			sourceTree = "<group>";
		};
		BDA4D4BF5B5E296F371E6CB4 /* Pods */ = {
			isa = PBXGroup;
			children = (
				EDE37C0851066F0876D6020F /* Pods-CircleTimer.debug.xcconfig */,
				10B31FC654429782231E694D /* Pods-CircleTimer.release.xcconfig */,
			);
			name = Pods;
			sourceTree = "<group>";
		};
		C78F7D4C05C051310D3D737C /* Frameworks */ = {
			isa = PBXGroup;
			children = (
				51B9F0783696671ABAF1571B /* Pods_CircleTimer.framework */,
			);
			name = Frameworks;
			sourceTree = "<group>";
		};
/* End PBXGroup section */

/* Begin PBXNativeTarget section */
		3E9308C61DEEDD550017E1AE /* CircleTimer */ = {
			isa = PBXNativeTarget;
			buildConfigurationList = 3E9308D91DEEDD560017E1AE /* Build configuration list for PBXNativeTarget "CircleTimer" */;
			buildPhases = (
				BB4B33A5F203DDEF39876C4D /* [CP] Check Pods Manifest.lock */,
				3E9308C31DEEDD550017E1AE /* Sources */,
				3E9308C41DEEDD550017E1AE /* Frameworks */,
				3E9308C51DEEDD550017E1AE /* Resources */,
				56F9B4480039A0ABDB93AFF1 /* [CP] Embed Pods Frameworks */,
				17F93155C50A435B3483252F /* [CP] Copy Pods Resources */,
			);
			buildRules = (
			);
			dependencies = (
			);
			name = CircleTimer;
			productName = CircleTimer;
			productReference = 3E9308C71DEEDD550017E1AE /* CircleTimer.app */;
			productType = "com.apple.product-type.application";
		};
/* End PBXNativeTarget section */

/* Begin PBXProject section */
		3E9308BF1DEEDD550017E1AE /* Project object */ = {
			isa = PBXProject;
			attributes = {
				LastSwiftUpdateCheck = 0810;
				LastUpgradeCheck = 0810;
				ORGANIZATIONNAME = "Sergey Sokoltsov";
				TargetAttributes = {
					3E9308C61DEEDD550017E1AE = {
						CreatedOnToolsVersion = 8.1;
						ProvisioningStyle = Manual;
					};
				};
			};
			buildConfigurationList = 3E9308C21DEEDD550017E1AE /* Build configuration list for PBXProject "CircleTimer" */;
			compatibilityVersion = "Xcode 3.2";
			developmentRegion = English;
			hasScannedForEncodings = 0;
			knownRegions = (
				en,
				Base,
			);
			mainGroup = 3E9308BE1DEEDD550017E1AE;
			productRefGroup = 3E9308C81DEEDD550017E1AE /* Products */;
			projectDirPath = "";
			projectRoot = "";
			targets = (
				3E9308C61DEEDD550017E1AE /* CircleTimer */,
			);
		};
/* End PBXProject section */

/* Begin PBXResourcesBuildPhase section */
		3E9308C51DEEDD550017E1AE /* Resources */ = {
			isa = PBXResourcesBuildPhase;
			buildActionMask = 2147483647;
			files = (
				3E9308D51DEEDD560017E1AE /* LaunchScreen.storyboard in Resources */,
				3E9308D21DEEDD560017E1AE /* Assets.xcassets in Resources */,
				3E9308D01DEEDD560017E1AE /* Main.storyboard in Resources */,
			);
			runOnlyForDeploymentPostprocessing = 0;
		};
/* End PBXResourcesBuildPhase section */

/* Begin PBXShellScriptBuildPhase section */
		17F93155C50A435B3483252F /* [CP] Copy Pods Resources */ = {
			isa = PBXShellScriptBuildPhase;
			buildActionMask = 2147483647;
			files = (
			);
			inputPaths = (
			);
			name = "[CP] Copy Pods Resources";
			outputPaths = (
			);
			runOnlyForDeploymentPostprocessing = 0;
			shellPath = /bin/sh;
			shellScript = "\"${SRCROOT}/Pods/Target Support Files/Pods-CircleTimer/Pods-CircleTimer-resources.sh\"\n";
			showEnvVarsInLog = 0;
		};
		56F9B4480039A0ABDB93AFF1 /* [CP] Embed Pods Frameworks */ = {
			isa = PBXShellScriptBuildPhase;
			buildActionMask = 2147483647;
			files = (
			);
			inputPaths = (
			);
			name = "[CP] Embed Pods Frameworks";
			outputPaths = (
			);
			runOnlyForDeploymentPostprocessing = 0;
			shellPath = /bin/sh;
			shellScript = "\"${SRCROOT}/Pods/Target Support Files/Pods-CircleTimer/Pods-CircleTimer-frameworks.sh\"\n";
			showEnvVarsInLog = 0;
		};
		BB4B33A5F203DDEF39876C4D /* [CP] Check Pods Manifest.lock */ = {
			isa = PBXShellScriptBuildPhase;
			buildActionMask = 2147483647;
			files = (
			);
			inputPaths = (
			);
			name = "[CP] Check Pods Manifest.lock";
			outputPaths = (
			);
			runOnlyForDeploymentPostprocessing = 0;
			shellPath = /bin/sh;
			shellScript = "diff \"${PODS_ROOT}/../Podfile.lock\" \"${PODS_ROOT}/Manifest.lock\" > /dev/null\nif [ $? != 0 ] ; then\n    # print error to STDERR\n    echo \"error: The sandbox is not in sync with the Podfile.lock. Run 'pod install' or update your CocoaPods installation.\" >&2\n    exit 1\nfi\n";
			showEnvVarsInLog = 0;
		};
/* End PBXShellScriptBuildPhase section */

/* Begin PBXSourcesBuildPhase section */
		3E9308C31DEEDD550017E1AE /* Sources */ = {
			isa = PBXSourcesBuildPhase;
			buildActionMask = 2147483647;
			files = (
				3E9308CD1DEEDD560017E1AE /* ViewController.swift in Sources */,
				3E9308CB1DEEDD560017E1AE /* AppDelegate.swift in Sources */,
			);
			runOnlyForDeploymentPostprocessing = 0;
		};
/* End PBXSourcesBuildPhase section */

/* Begin PBXVariantGroup section */
		3E9308CE1DEEDD560017E1AE /* Main.storyboard */ = {
			isa = PBXVariantGroup;
			children = (
				3E9308CF1DEEDD560017E1AE /* Base */,
			);
			name = Main.storyboard;
			sourceTree = "<group>";
		};
		3E9308D31DEEDD560017E1AE /* LaunchScreen.storyboard */ = {
			isa = PBXVariantGroup;
			children = (
				3E9308D41DEEDD560017E1AE /* Base */,
			);
			name = LaunchScreen.storyboard;
			sourceTree = "<group>";
		};
/* End PBXVariantGroup section */

/* Begin XCBuildConfiguration section */
		3E9308D71DEEDD560017E1AE /* Debug */ = {
			isa = XCBuildConfiguration;
			buildSettings = {
				ALWAYS_SEARCH_USER_PATHS = NO;
				CLANG_ANALYZER_NONNULL = YES;
				CLANG_CXX_LANGUAGE_STANDARD = "gnu++0x";
				CLANG_CXX_LIBRARY = "libc++";
				CLANG_ENABLE_MODULES = YES;
				CLANG_ENABLE_OBJC_ARC = YES;
				CLANG_WARN_BOOL_CONVERSION = YES;
				CLANG_WARN_CONSTANT_CONVERSION = YES;
				CLANG_WARN_DIRECT_OBJC_ISA_USAGE = YES_ERROR;
				CLANG_WARN_DOCUMENTATION_COMMENTS = YES;
				CLANG_WARN_EMPTY_BODY = YES;
				CLANG_WARN_ENUM_CONVERSION = YES;
				CLANG_WARN_INFINITE_RECURSION = YES;
				CLANG_WARN_INT_CONVERSION = YES;
				CLANG_WARN_OBJC_ROOT_CLASS = YES_ERROR;
				CLANG_WARN_SUSPICIOUS_MOVES = YES;
				CLANG_WARN_UNREACHABLE_CODE = YES;
				CLANG_WARN__DUPLICATE_METHOD_MATCH = YES;
				"CODE_SIGN_IDENTITY[sdk=iphoneos*]" = "iPhone Developer";
				COPY_PHASE_STRIP = NO;
				DEBUG_INFORMATION_FORMAT = dwarf;
				ENABLE_STRICT_OBJC_MSGSEND = YES;
				ENABLE_TESTABILITY = YES;
				GCC_C_LANGUAGE_STANDARD = gnu99;
				GCC_DYNAMIC_NO_PIC = NO;
				GCC_NO_COMMON_BLOCKS = YES;
				GCC_OPTIMIZATION_LEVEL = 0;
				GCC_PREPROCESSOR_DEFINITIONS = (
					"DEBUG=1",
					"$(inherited)",
				);
				GCC_WARN_64_TO_32_BIT_CONVERSION = YES;
				GCC_WARN_ABOUT_RETURN_TYPE = YES_ERROR;
				GCC_WARN_UNDECLARED_SELECTOR = YES;
				GCC_WARN_UNINITIALIZED_AUTOS = YES_AGGRESSIVE;
				GCC_WARN_UNUSED_FUNCTION = YES;
				GCC_WARN_UNUSED_VARIABLE = YES;
				IPHONEOS_DEPLOYMENT_TARGET = 10.1;
				MTL_ENABLE_DEBUG_INFO = YES;
				ONLY_ACTIVE_ARCH = YES;
				SDKROOT = iphoneos;
				SWIFT_ACTIVE_COMPILATION_CONDITIONS = DEBUG;
				SWIFT_OPTIMIZATION_LEVEL = "-Onone";
				TARGETED_DEVICE_FAMILY = "1,2";
			};
			name = Debug;
		};
		3E9308D81DEEDD560017E1AE /* Release */ = {
			isa = XCBuildConfiguration;
			buildSettings = {
				ALWAYS_SEARCH_USER_PATHS = NO;
				CLANG_ANALYZER_NONNULL = YES;
				CLANG_CXX_LANGUAGE_STANDARD = "gnu++0x";
				CLANG_CXX_LIBRARY = "libc++";
				CLANG_ENABLE_MODULES = YES;
				CLANG_ENABLE_OBJC_ARC = YES;
				CLANG_WARN_BOOL_CONVERSION = YES;
				CLANG_WARN_CONSTANT_CONVERSION = YES;
				CLANG_WARN_DIRECT_OBJC_ISA_USAGE = YES_ERROR;
				CLANG_WARN_DOCUMENTATION_COMMENTS = YES;
				CLANG_WARN_EMPTY_BODY = YES;
				CLANG_WARN_ENUM_CONVERSION = YES;
				CLANG_WARN_INFINITE_RECURSION = YES;
				CLANG_WARN_INT_CONVERSION = YES;
				CLANG_WARN_OBJC_ROOT_CLASS = YES_ERROR;
				CLANG_WARN_SUSPICIOUS_MOVES = YES;
				CLANG_WARN_UNREACHABLE_CODE = YES;
				CLANG_WARN__DUPLICATE_METHOD_MATCH = YES;
				"CODE_SIGN_IDENTITY[sdk=iphoneos*]" = "iPhone Developer";
				COPY_PHASE_STRIP = NO;
				DEBUG_INFORMATION_FORMAT = "dwarf-with-dsym";
				ENABLE_NS_ASSERTIONS = NO;
				ENABLE_STRICT_OBJC_MSGSEND = YES;
				GCC_C_LANGUAGE_STANDARD = gnu99;
				GCC_NO_COMMON_BLOCKS = YES;
				GCC_WARN_64_TO_32_BIT_CONVERSION = YES;
				GCC_WARN_ABOUT_RETURN_TYPE = YES_ERROR;
				GCC_WARN_UNDECLARED_SELECTOR = YES;
				GCC_WARN_UNINITIALIZED_AUTOS = YES_AGGRESSIVE;
				GCC_WARN_UNUSED_FUNCTION = YES;
				GCC_WARN_UNUSED_VARIABLE = YES;
				IPHONEOS_DEPLOYMENT_TARGET = 10.1;
				MTL_ENABLE_DEBUG_INFO = NO;
				SDKROOT = iphoneos;
				SWIFT_OPTIMIZATION_LEVEL = "-Owholemodule";
				TARGETED_DEVICE_FAMILY = "1,2";
				VALIDATE_PRODUCT = YES;
			};
			name = Release;
		};
		3E9308DA1DEEDD560017E1AE /* Debug */ = {
			isa = XCBuildConfiguration;
			baseConfigurationReference = EDE37C0851066F0876D6020F /* Pods-CircleTimer.debug.xcconfig */;
			buildSettings = {
				ASSETCATALOG_COMPILER_APPICON_NAME = AppIcon;
				DEVELOPMENT_TEAM = "";
				INFOPLIST_FILE = CircleTimer/Info.plist;
				LD_RUNPATH_SEARCH_PATHS = "$(inherited) @executable_path/Frameworks";
				PRODUCT_BUNDLE_IDENTIFIER = Appus.CircleTimer1;
				PRODUCT_NAME = "$(TARGET_NAME)";
				SWIFT_VERSION = 3.0;
			};
			name = Debug;
		};
		3E9308DB1DEEDD560017E1AE /* Release */ = {
			isa = XCBuildConfiguration;
			baseConfigurationReference = 10B31FC654429782231E694D /* Pods-CircleTimer.release.xcconfig */;
			buildSettings = {
				ASSETCATALOG_COMPILER_APPICON_NAME = AppIcon;
				DEVELOPMENT_TEAM = "";
				INFOPLIST_FILE = CircleTimer/Info.plist;
				LD_RUNPATH_SEARCH_PATHS = "$(inherited) @executable_path/Frameworks";
				PRODUCT_BUNDLE_IDENTIFIER = Appus.CircleTimer1;
				PRODUCT_NAME = "$(TARGET_NAME)";
				SWIFT_VERSION = 3.0;
			};
			name = Release;
		};
/* End XCBuildConfiguration section */

/* Begin XCConfigurationList section */
		3E9308C21DEEDD550017E1AE /* Build configuration list for PBXProject "CircleTimer" */ = {
			isa = XCConfigurationList;
			buildConfigurations = (
				3E9308D71DEEDD560017E1AE /* Debug */,
				3E9308D81DEEDD560017E1AE /* Release */,
			);
			defaultConfigurationIsVisible = 0;
			defaultConfigurationName = Release;
		};
		3E9308D91DEEDD560017E1AE /* Build configuration list for PBXNativeTarget "CircleTimer" */ = {
			isa = XCConfigurationList;
			buildConfigurations = (
				3E9308DA1DEEDD560017E1AE /* Debug */,
				3E9308DB1DEEDD560017E1AE /* Release */,
			);
			defaultConfigurationIsVisible = 0;
			defaultConfigurationName = Release;
		};
/* End XCConfigurationList section */
	};
	rootObject = 3E9308BF1DEEDD550017E1AE /* Project object */;
}
